Microsoft Visual Studio Solution File, Format Version 12.00
# Visual Studio Version 17
VisualStudioVersion = 17.5.2.0
MinimumVisualStudioVersion = 10.0.40219.1
Project("{FAE04EC0-301F-11D3-BF4B-00C04F79EFBC}") = "DroneATC", "DroneATC.csproj", "{17FD4942-B549-8662-3CB7-A505483D99D3}"
EndProject
Global
	GlobalSection(SolutionConfigurationPlatforms) = preSolution
		Debug|Any CPU = Debug|Any CPU
		Release|Any CPU = Release|Any CPU
	EndGlobalSection
	GlobalSection(ProjectConfigurationPlatforms) = postSolution
		{17FD4942-B549-8662-3CB7-A505483D99D3}.Debug|Any CPU.ActiveCfg = Debug|Any CPU
		{17FD4942-B549-8662-3CB7-A505483D99D3}.Debug|Any CPU.Build.0 = Debug|Any CPU
		{17FD4942-B549-8662-3CB7-A505483D99D3}.Release|Any CPU.ActiveCfg = Release|Any CPU
		{17FD4942-B549-8662-3CB7-A505483D99D3}.Release|Any CPU.Build.0 = Release|Any CPU
	EndGlobalSection
	GlobalSection(SolutionProperties) = preSolution
		HideSolutionNode = FALSE
	EndGlobalSection
	GlobalSection(ExtensibilityGlobals) = postSolution
		SolutionGuid = {2626081A-DBA3-430D-905F-03E2BA08FA53}
	EndGlobalSection
EndGlobal
